<?xml version="1.0" encoding="utf-8"?>
<Project ToolsVersion="4.0" xmlns="http://schemas.microsoft.com/developer/msbuild/2003">
  <ItemGroup>
    <Filter Include="來源檔案">
      <UniqueIdentifier>{4FC737F1-C7A5-4376-A066-2A32D752A2FF}</UniqueIdentifier>
      <Extensions>cpp;c;cc;cxx;c++;cppm;ixx;def;odl;idl;hpj;bat;asm;asmx</Extensions>
    </Filter>
    <Filter Include="標頭檔">
      <UniqueIdentifier>{93995380-89BD-4b04-88EB-625FBE52EBFB}</UniqueIdentifier>
      <Extensions>h;hh;hpp;hxx;h++;hm;inl;inc;ipp;xsd</Extensions>
    </Filter>
    <Filter Include="資源檔">
      <UniqueIdentifier>{67DA6AB6-F800-4c08-8B7A-83BB121AAD01}</UniqueIdentifier>
      <Extensions>rc;ico;cur;bmp;dlg;rc2;rct;bin;rgs;gif;jpg;jpeg;jpe;resx;tiff;tif;png;wav;mfcribbon-ms</Extensions>
    </Filter>
    <Filter Include="common">
      <UniqueIdentifier>{761dfa17-cc83-4fea-bd6f-429c70126d34}</UniqueIdentifier>
    </Filter>
    <Filter Include="models">
      <UniqueIdentifier>{e81644f7-a6ce-4049-bbc1-49fa771cd306}</UniqueIdentifier>
    </Filter>
  </ItemGroup>
  <ItemGroup>
    <ClCompile Include="common\arcball.cpp">
      <Filter>common</Filter>
    </ClCompile>
    <ClCompile Include="common\CButton.cpp">
      <Filter>common</Filter>
    </ClCompile>
    <ClCompile Include="common\CCamera.cpp">
      <Filter>common</Filter>
    </ClCompile>
    <ClCompile Include="common\CLight.cpp">
      <Filter>common</Filter>
    </ClCompile>
    <ClCompile Include="common\CMaterial.cpp">
      <Filter>common</Filter>
    </ClCompile>
    <ClCompile Include="common\CShaderPool.cpp">
      <Filter>common</Filter>
    </ClCompile>
    <ClCompile Include="common\initShader.cpp">
      <Filter>common</Filter>
    </ClCompile>
    <ClCompile Include="common\wmhandler.cpp">
      <Filter>common</Filter>
    </ClCompile>
    <ClCompile Include="models\CBox.cpp">
      <Filter>models</Filter>
    </ClCompile>
    <ClCompile Include="models\CCapsule.cpp">
      <Filter>models</Filter>
    </ClCompile>
    <ClCompile Include="models\CCube.cpp">
      <Filter>models</Filter>
    </ClCompile>
    <ClCompile Include="models\CCup.cpp">
      <Filter>models</Filter>
    </ClCompile>
    <ClCompile Include="models\CQuad.cpp">
      <Filter>models</Filter>
    </ClCompile>
    <ClCompile Include="models\CShape.cpp">
      <Filter>models</Filter>
    </ClCompile>
    <ClCompile Include="models\CSphere.cpp">
      <Filter>models</Filter>
    </ClCompile>
    <ClCompile Include="models\CTorusKnot.cpp">
      <Filter>models</Filter>
    </ClCompile>
    <ClCompile Include="The3DRoom.cpp">
      <Filter>來源檔案</Filter>
    </ClCompile>
    <ClCompile Include="common\CSprite2D.cpp">
      <Filter>common</Filter>
    </ClCompile>
    <ClCompile Include="models\CObjModel.cpp">
      <Filter>models</Filter>
    </ClCompile>
    <ClCompile Include="common\CObjLoader.cpp">
      <Filter>common</Filter>
    </ClCompile>
  </ItemGroup>
  <ItemGroup>
    <ClInclude Include="common\arcball.h">
      <Filter>common</Filter>
    </ClInclude>
    <ClInclude Include="common\CButton.h">
      <Filter>common</Filter>
    </ClInclude>
    <ClInclude Include="common\CCamera.h">
      <Filter>common</Filter>
    </ClInclude>
    <ClInclude Include="common\CLight.h">
      <Filter>common</Filter>
    </ClInclude>
    <ClInclude Include="common\CMaterial.h">
      <Filter>common</Filter>
    </ClInclude>
    <ClInclude Include="common\CShaderPool.h">
      <Filter>common</Filter>
    </ClInclude>
    <ClInclude Include="common\initshader.h">
      <Filter>common</Filter>
    </ClInclude>
    <ClInclude Include="common\typedefs.h">
      <Filter>common</Filter>
    </ClInclude>
    <ClInclude Include="common\wmhandler.h">
      <Filter>common</Filter>
    </ClInclude>
    <ClInclude Include="models\CBox.h">
      <Filter>models</Filter>
    </ClInclude>
    <ClInclude Include="models\CCapsule.h">
      <Filter>models</Filter>
    </ClInclude>
    <ClInclude Include="models\CCube.h">
      <Filter>models</Filter>
    </ClInclude>
    <ClInclude Include="models\CCup.h">
      <Filter>models</Filter>
    </ClInclude>
    <ClInclude Include="models\CQuad.h">
      <Filter>models</Filter>
    </ClInclude>
    <ClInclude Include="models\CShape.h">
      <Filter>models</Filter>
    </ClInclude>
    <ClInclude Include="models\CSphere.h">
      <Filter>models</Filter>
    </ClInclude>
    <ClInclude Include="models\CTorusKnot.h">
      <Filter>models</Filter>
    </ClInclude>
    <ClInclude Include="common\CSprite2D.h">
      <Filter>common</Filter>
    </ClInclude>
    <ClInclude Include="models\CObjModel.h">
      <Filter>models</Filter>
    </ClInclude>
    <ClInclude Include="common\CObjLoader.h">
      <Filter>common</Filter>
    </ClInclude>
  </ItemGroup>
  <ItemGroup>
    <None Include="f_shader.glsl">
      <Filter>來源檔案</Filter>
    </None>
    <None Include="v_shader.glsl">
      <Filter>來源檔案</Filter>
    </None>
    <None Include="f_uishader.glsl">
      <Filter>來源檔案</Filter>
    </None>
    <None Include="v_uishader.glsl">
      <Filter>來源檔案</Filter>
    </None>
  </ItemGroup>
</Project>